
Microsoft Visual Studio Solution File, Format Version 12.00
# Visual Studio Version 17
VisualStudioVersion = 17.2.32630.192
MinimumVisualStudioVersion = 10.0.40219.1
Project("{FAE04EC0-301F-11D3-BF4B-00C04F79EFBC}") = "JsonSample", "JsonSample.csproj", "{F31C5676-C09A-4248-8561-0A4C8CB13668}"
EndProject
Global
	GlobalSection(SolutionConfigurationPlatforms) = preSolution
		Debug|Any CPU = Debug|Any CPU
		Release|Any CPU = Release|Any CPU
	EndGlobalSection
	GlobalSection(ProjectConfigurationPlatforms) = postSolution
		{F31C5676-C09A-4248-8561-0A4C8CB13668}.Debug|Any CPU.ActiveCfg = Debug|Any CPU
		{F31C5676-C09A-4248-8561-0A4C8CB13668}.Debug|Any CPU.Build.0 = Debug|Any CPU
		{F31C5676-C09A-4248-8561-0A4C8CB13668}.Release|Any CPU.ActiveCfg = Release|Any CPU
		{F31C5676-C09A-4248-8561-0A4C8CB13668}.Release|Any CPU.Build.0 = Release|Any CPU
	EndGlobalSection
	GlobalSection(SolutionProperties) = preSolution
		HideSolutionNode = FALSE
	EndGlobalSection
	GlobalSection(ExtensibilityGlobals) = postSolution
		SolutionGuid = {5F25F1CF-8378-483C-82F1-D6BEE589E15A}
	EndGlobalSection
EndGlobal
